{
  "name": "calculator",
  "version": "1.0.0",
  "description": "",
  "main": "calculator.js",
  "scripts": {
    "test": "jest && codecov"
  },
  "jest": {
    "coverageDirectory": "./coverage/",
    "collectCoverage": true
  },
  "repository": {
    "type": "git",
    "url": "git@github.com:kengzas1253/test_Calculator.git"
  },
  "keywords": [],
  "author": "",
  "license": "ISC",
  "bugs": {
    "url": "https://github.com/kengzas1253/test_Calculator/issues"
  },
  "homepage": "https://github.com/kengzas1253/test_Calculator#readme",
  "dependencies": {
    "jest": "^24.9.0"
  }
}